
Microsoft Visual Studio Solution File, Format Version 12.00
# Visual Studio Version 16
VisualStudioVersion = 16.0.30804.86
MinimumVisualStudioVersion = 10.0.40219.1
Project("{FAE04EC0-301F-11D3-BF4B-00C04F79EFBC}") = "DoItYourSelf_SellItYourSelf.UI", "DoItYourSelf_SellItYourSelf\DoItYourSelf_SellItYourSelf.UI.csproj", "{2D7A472D-2F6B-417E-A107-F76490F9F302}"
EndProject
Project("{FAE04EC0-301F-11D3-BF4B-00C04F79EFBC}") = "DoItYourSelf_SellItYourSelf.CORE", "DoItYourSelf_SellItYourSelf.CORE\DoItYourSelf_SellItYourSelf.CORE.csproj", "{D7E8D755-C4BA-4482-BD00-5E2215088C08}"
EndProject
Project("{FAE04EC0-301F-11D3-BF4B-00C04F79EFBC}") = "DoItYourSelf_SellItYourSelf.MODEL", "DoItYourSelf_SellItYourSelf.MODEL\DoItYourSelf_SellItYourSelf.MODEL.csproj", "{6D38E314-A7ED-4D55-8C12-A884F9B422F5}"
EndProject
Project("{FAE04EC0-301F-11D3-BF4B-00C04F79EFBC}") = "DoItYourSelf_SellItYourSelf.SERVİCE", "DoItYourSelf_SellItYourSelf.SERVİCE\DoItYourSelf_SellItYourSelf.SERVİCE.csproj", "{5A09439C-0EF6-4B60-B817-FF16A0CF5F0E}"
EndProject
Global
	GlobalSection(SolutionConfigurationPlatforms) = preSolution
		Debug|Any CPU = Debug|Any CPU
		Release|Any CPU = Release|Any CPU
	EndGlobalSection
	GlobalSection(ProjectConfigurationPlatforms) = postSolution
		{2D7A472D-2F6B-417E-A107-F76490F9F302}.Debug|Any CPU.ActiveCfg = Debug|Any CPU
		{2D7A472D-2F6B-417E-A107-F76490F9F302}.Debug|Any CPU.Build.0 = Debug|Any CPU
		{2D7A472D-2F6B-417E-A107-F76490F9F302}.Release|Any CPU.ActiveCfg = Release|Any CPU
		{2D7A472D-2F6B-417E-A107-F76490F9F302}.Release|Any CPU.Build.0 = Release|Any CPU
		{D7E8D755-C4BA-4482-BD00-5E2215088C08}.Debug|Any CPU.ActiveCfg = Debug|Any CPU
		{D7E8D755-C4BA-4482-BD00-5E2215088C08}.Debug|Any CPU.Build.0 = Debug|Any CPU
		{D7E8D755-C4BA-4482-BD00-5E2215088C08}.Release|Any CPU.ActiveCfg = Release|Any CPU
		{D7E8D755-C4BA-4482-BD00-5E2215088C08}.Release|Any CPU.Build.0 = Release|Any CPU
		{6D38E314-A7ED-4D55-8C12-A884F9B422F5}.Debug|Any CPU.ActiveCfg = Debug|Any CPU
		{6D38E314-A7ED-4D55-8C12-A884F9B422F5}.Debug|Any CPU.Build.0 = Debug|Any CPU
		{6D38E314-A7ED-4D55-8C12-A884F9B422F5}.Release|Any CPU.ActiveCfg = Release|Any CPU
		{6D38E314-A7ED-4D55-8C12-A884F9B422F5}.Release|Any CPU.Build.0 = Release|Any CPU
		{5A09439C-0EF6-4B60-B817-FF16A0CF5F0E}.Debug|Any CPU.ActiveCfg = Debug|Any CPU
		{5A09439C-0EF6-4B60-B817-FF16A0CF5F0E}.Debug|Any CPU.Build.0 = Debug|Any CPU
		{5A09439C-0EF6-4B60-B817-FF16A0CF5F0E}.Release|Any CPU.ActiveCfg = Release|Any CPU
		{5A09439C-0EF6-4B60-B817-FF16A0CF5F0E}.Release|Any CPU.Build.0 = Release|Any CPU
	EndGlobalSection
	GlobalSection(SolutionProperties) = preSolution
		HideSolutionNode = FALSE
	EndGlobalSection
	GlobalSection(ExtensibilityGlobals) = postSolution
		SolutionGuid = {8B4B82B7-D5FF-4510-A2C6-14DA34A57DB1}
	EndGlobalSection
EndGlobal
